// !$*UTF8*$!
{
	archiveVersion = 1;
	classes = {
	};
	objectVersion = 56;
	objects = {

/* Begin PBXBuildFile section */
		120178A72C02459D00F043BF /* TheWeekApp.swift in Sources */ = {isa = PBXBuildFile; fileRef = 120178A62C02459D00F043BF /* TheWeekApp.swift */; };
		120178AD2C02459E00F043BF /* Assets.xcassets in Resources */ = {isa = PBXBuildFile; fileRef = 120178AC2C02459E00F043BF /* Assets.xcassets */; };
		120178B02C02459E00F043BF /* Preview Assets.xcassets in Resources */ = {isa = PBXBuildFile; fileRef = 120178AF2C02459E00F043BF /* Preview Assets.xcassets */; };
		120178BA2C02459F00F043BF /* TheWeekTests.swift in Sources */ = {isa = PBXBuildFile; fileRef = 120178B92C02459F00F043BF /* TheWeekTests.swift */; };
		120178C42C02459F00F043BF /* TheWeekUITests.swift in Sources */ = {isa = PBXBuildFile; fileRef = 120178C32C02459F00F043BF /* TheWeekUITests.swift */; };
		120178C62C02459F00F043BF /* TheWeekUITestsLaunchTests.swift in Sources */ = {isa = PBXBuildFile; fileRef = 120178C52C02459F00F043BF /* TheWeekUITestsLaunchTests.swift */; };
		120178D72C02574F00F043BF /* RootCoordinator.swift in Sources */ = {isa = PBXBuildFile; fileRef = 120178D62C02574F00F043BF /* RootCoordinator.swift */; };
		120178DA2C0257BC00F043BF /* RootCoordinatorView.swift in Sources */ = {isa = PBXBuildFile; fileRef = 120178D92C0257BC00F043BF /* RootCoordinatorView.swift */; };
		120178DC2C0257D300F043BF /* RootViewModel.swift in Sources */ = {isa = PBXBuildFile; fileRef = 120178DB2C0257D300F043BF /* RootViewModel.swift */; };
		120178DE2C02590500F043BF /* RootView.swift in Sources */ = {isa = PBXBuildFile; fileRef = 120178DD2C02590500F043BF /* RootView.swift */; };
		120178E72C025F2F00F043BF /* Date+.swift in Sources */ = {isa = PBXBuildFile; fileRef = 120178E62C025F2F00F043BF /* Date+.swift */; };
		120178E92C02610F00F043BF /* KeyPath+.swift in Sources */ = {isa = PBXBuildFile; fileRef = 120178E82C02610F00F043BF /* KeyPath+.swift */; };
		120178EB2C02643E00F043BF /* Array+.swift in Sources */ = {isa = PBXBuildFile; fileRef = 120178EA2C02643E00F043BF /* Array+.swift */; };
		12B24BBC2C036D2200B399DA /* UIScreen+.swift in Sources */ = {isa = PBXBuildFile; fileRef = 12B24BBB2C036D2200B399DA /* UIScreen+.swift */; };
		12BDB6F52C088D1C00A2679A /* WeekdayHourView.swift in Sources */ = {isa = PBXBuildFile; fileRef = 12BDB6F42C088D1C00A2679A /* WeekdayHourView.swift */; };
		12BDB6F72C088D2F00A2679A /* WeekdayQuarterOfHourView.swift in Sources */ = {isa = PBXBuildFile; fileRef = 12BDB6F62C088D2F00A2679A /* WeekdayQuarterOfHourView.swift */; };
		12BDB6F92C08901F00A2679A /* Color+.swift in Sources */ = {isa = PBXBuildFile; fileRef = 12BDB6F82C08901F00A2679A /* Color+.swift */; };
		12BDB6FB2C0899A700A2679A /* Font+.swift in Sources */ = {isa = PBXBuildFile; fileRef = 12BDB6FA2C0899A700A2679A /* Font+.swift */; };
		12BDB6FD2C089E5900A2679A /* WeekHourView+Preview.swift in Sources */ = {isa = PBXBuildFile; fileRef = 12BDB6FC2C089E5900A2679A /* WeekHourView+Preview.swift */; };
		12BDB6FF2C08A38100A2679A /* CornerRadiusViewModifier.swift in Sources */ = {isa = PBXBuildFile; fileRef = 12BDB6FE2C08A38100A2679A /* CornerRadiusViewModifier.swift */; };
		12BDB7012C08A39900A2679A /* View+.swift in Sources */ = {isa = PBXBuildFile; fileRef = 12BDB7002C08A39900A2679A /* View+.swift */; };
/* End PBXBuildFile section */

/* Begin PBXContainerItemProxy section */
		120178B62C02459F00F043BF /* PBXContainerItemProxy */ = {
			isa = PBXContainerItemProxy;
			containerPortal = 1201789B2C02459D00F043BF /* Project object */;
			proxyType = 1;
			remoteGlobalIDString = 120178A22C02459D00F043BF;
			remoteInfo = TheWeek;
		};
		120178C02C02459F00F043BF /* PBXContainerItemProxy */ = {
			isa = PBXContainerItemProxy;
			containerPortal = 1201789B2C02459D00F043BF /* Project object */;
			proxyType = 1;
			remoteGlobalIDString = 120178A22C02459D00F043BF;
			remoteInfo = TheWeek;
		};
/* End PBXContainerItemProxy section */

/* Begin PBXFileReference section */
		120178A32C02459D00F043BF /* TheWeek.app */ = {isa = PBXFileReference; explicitFileType = wrapper.application; includeInIndex = 0; path = TheWeek.app; sourceTree = BUILT_PRODUCTS_DIR; };
		120178A62C02459D00F043BF /* TheWeekApp.swift */ = {isa = PBXFileReference; lastKnownFileType = sourcecode.swift; path = TheWeekApp.swift; sourceTree = "<group>"; };
		120178AC2C02459E00F043BF /* Assets.xcassets */ = {isa = PBXFileReference; lastKnownFileType = folder.assetcatalog; path = Assets.xcassets; sourceTree = "<group>"; };
		120178AF2C02459E00F043BF /* Preview Assets.xcassets */ = {isa = PBXFileReference; lastKnownFileType = folder.assetcatalog; path = "Preview Assets.xcassets"; sourceTree = "<group>"; };
		120178B52C02459F00F043BF /* TheWeekTests.xctest */ = {isa = PBXFileReference; explicitFileType = wrapper.cfbundle; includeInIndex = 0; path = TheWeekTests.xctest; sourceTree = BUILT_PRODUCTS_DIR; };
		120178B92C02459F00F043BF /* TheWeekTests.swift */ = {isa = PBXFileReference; lastKnownFileType = sourcecode.swift; path = TheWeekTests.swift; sourceTree = "<group>"; };
		120178BF2C02459F00F043BF /* TheWeekUITests.xctest */ = {isa = PBXFileReference; explicitFileType = wrapper.cfbundle; includeInIndex = 0; path = TheWeekUITests.xctest; sourceTree = BUILT_PRODUCTS_DIR; };
		120178C32C02459F00F043BF /* TheWeekUITests.swift */ = {isa = PBXFileReference; lastKnownFileType = sourcecode.swift; path = TheWeekUITests.swift; sourceTree = "<group>"; };
		120178C52C02459F00F043BF /* TheWeekUITestsLaunchTests.swift */ = {isa = PBXFileReference; lastKnownFileType = sourcecode.swift; path = TheWeekUITestsLaunchTests.swift; sourceTree = "<group>"; };
		120178D62C02574F00F043BF /* RootCoordinator.swift */ = {isa = PBXFileReference; lastKnownFileType = sourcecode.swift; path = RootCoordinator.swift; sourceTree = "<group>"; };
		120178D92C0257BC00F043BF /* RootCoordinatorView.swift */ = {isa = PBXFileReference; lastKnownFileType = sourcecode.swift; path = RootCoordinatorView.swift; sourceTree = "<group>"; };
		120178DB2C0257D300F043BF /* RootViewModel.swift */ = {isa = PBXFileReference; lastKnownFileType = sourcecode.swift; path = RootViewModel.swift; sourceTree = "<group>"; };
		120178DD2C02590500F043BF /* RootView.swift */ = {isa = PBXFileReference; lastKnownFileType = sourcecode.swift; path = RootView.swift; sourceTree = "<group>"; };
		120178E62C025F2F00F043BF /* Date+.swift */ = {isa = PBXFileReference; lastKnownFileType = sourcecode.swift; path = "Date+.swift"; sourceTree = "<group>"; };
		120178E82C02610F00F043BF /* KeyPath+.swift */ = {isa = PBXFileReference; lastKnownFileType = sourcecode.swift; path = "KeyPath+.swift"; sourceTree = "<group>"; };
		120178EA2C02643E00F043BF /* Array+.swift */ = {isa = PBXFileReference; lastKnownFileType = sourcecode.swift; path = "Array+.swift"; sourceTree = "<group>"; };
		12B24BBB2C036D2200B399DA /* UIScreen+.swift */ = {isa = PBXFileReference; lastKnownFileType = sourcecode.swift; path = "UIScreen+.swift"; sourceTree = "<group>"; };
		12BDB6F42C088D1C00A2679A /* WeekdayHourView.swift */ = {isa = PBXFileReference; lastKnownFileType = sourcecode.swift; path = WeekdayHourView.swift; sourceTree = "<group>"; };
		12BDB6F62C088D2F00A2679A /* WeekdayQuarterOfHourView.swift */ = {isa = PBXFileReference; lastKnownFileType = sourcecode.swift; path = WeekdayQuarterOfHourView.swift; sourceTree = "<group>"; };
		12BDB6F82C08901F00A2679A /* Color+.swift */ = {isa = PBXFileReference; lastKnownFileType = sourcecode.swift; path = "Color+.swift"; sourceTree = "<group>"; };
		12BDB6FA2C0899A700A2679A /* Font+.swift */ = {isa = PBXFileReference; lastKnownFileType = sourcecode.swift; path = "Font+.swift"; sourceTree = "<group>"; };
		12BDB6FC2C089E5900A2679A /* WeekHourView+Preview.swift */ = {isa = PBXFileReference; lastKnownFileType = sourcecode.swift; path = "WeekHourView+Preview.swift"; sourceTree = "<group>"; };
		12BDB6FE2C08A38100A2679A /* CornerRadiusViewModifier.swift */ = {isa = PBXFileReference; lastKnownFileType = sourcecode.swift; path = CornerRadiusViewModifier.swift; sourceTree = "<group>"; };
		12BDB7002C08A39900A2679A /* View+.swift */ = {isa = PBXFileReference; lastKnownFileType = sourcecode.swift; path = "View+.swift"; sourceTree = "<group>"; };
/* End PBXFileReference section */

/* Begin PBXFrameworksBuildPhase section */
		120178A02C02459D00F043BF /* Frameworks */ = {
			isa = PBXFrameworksBuildPhase;
			buildActionMask = 2147483647;
			files = (
			);
			runOnlyForDeploymentPostprocessing = 0;
		};
		120178B22C02459F00F043BF /* Frameworks */ = {
			isa = PBXFrameworksBuildPhase;
			buildActionMask = 2147483647;
			files = (
			);
			runOnlyForDeploymentPostprocessing = 0;
		};
		120178BC2C02459F00F043BF /* Frameworks */ = {
			isa = PBXFrameworksBuildPhase;
			buildActionMask = 2147483647;
			files = (
			);
			runOnlyForDeploymentPostprocessing = 0;
		};
/* End PBXFrameworksBuildPhase section */

/* Begin PBXGroup section */
		1201789A2C02459D00F043BF = {
			isa = PBXGroup;
			children = (
				120178A52C02459D00F043BF /* TheWeek */,
				120178B82C02459F00F043BF /* TheWeekTests */,
				120178C22C02459F00F043BF /* TheWeekUITests */,
				120178A42C02459D00F043BF /* Products */,
			);
			sourceTree = "<group>";
		};
		120178A42C02459D00F043BF /* Products */ = {
			isa = PBXGroup;
			children = (
				120178A32C02459D00F043BF /* TheWeek.app */,
				120178B52C02459F00F043BF /* TheWeekTests.xctest */,
				120178BF2C02459F00F043BF /* TheWeekUITests.xctest */,
			);
			name = Products;
			sourceTree = "<group>";
		};
		120178A52C02459D00F043BF /* TheWeek */ = {
			isa = PBXGroup;
			children = (
				120178A62C02459D00F043BF /* TheWeekApp.swift */,
				120178D22C02568B00F043BF /* Entities */,
				120178D32C02569100F043BF /* Presentation */,
				120178D42C02569E00F043BF /* Data */,
				120178E22C0259AD00F043BF /* Extension */,
				120178D52C0256A500F043BF /* Resources */,
			);
			path = TheWeek;
			sourceTree = "<group>";
		};
		120178AE2C02459E00F043BF /* Preview Content */ = {
			isa = PBXGroup;
			children = (
				120178AF2C02459E00F043BF /* Preview Assets.xcassets */,
				12BDB6FC2C089E5900A2679A /* WeekHourView+Preview.swift */,
			);
			path = "Preview Content";
			sourceTree = "<group>";
		};
		120178B82C02459F00F043BF /* TheWeekTests */ = {
			isa = PBXGroup;
			children = (
				120178B92C02459F00F043BF /* TheWeekTests.swift */,
			);
			path = TheWeekTests;
			sourceTree = "<group>";
		};
		120178C22C02459F00F043BF /* TheWeekUITests */ = {
			isa = PBXGroup;
			children = (
				120178C32C02459F00F043BF /* TheWeekUITests.swift */,
				120178C52C02459F00F043BF /* TheWeekUITestsLaunchTests.swift */,
			);
			path = TheWeekUITests;
			sourceTree = "<group>";
		};
		120178D22C02568B00F043BF /* Entities */ = {
			isa = PBXGroup;
			children = (
			);
			path = Entities;
			sourceTree = "<group>";
		};
		120178D32C02569100F043BF /* Presentation */ = {
			isa = PBXGroup;
			children = (
				120178D82C02577000F043BF /* RootView */,
				12BDB6EA2C088C7800A2679A /* WeekdayView */,
				120178DF2C02598800F043BF /* Reusable */,
			);
			path = Presentation;
			sourceTree = "<group>";
		};
		120178D42C02569E00F043BF /* Data */ = {
			isa = PBXGroup;
			children = (
			);
			path = Data;
			sourceTree = "<group>";
		};
		120178D52C0256A500F043BF /* Resources */ = {
			isa = PBXGroup;
			children = (
				120178AE2C02459E00F043BF /* Preview Content */,
				120178AC2C02459E00F043BF /* Assets.xcassets */,
			);
			path = Resources;
			sourceTree = "<group>";
		};
		120178D82C02577000F043BF /* RootView */ = {
			isa = PBXGroup;
			children = (
				120178D62C02574F00F043BF /* RootCoordinator.swift */,
				120178D92C0257BC00F043BF /* RootCoordinatorView.swift */,
				120178DB2C0257D300F043BF /* RootViewModel.swift */,
				120178DD2C02590500F043BF /* RootView.swift */,
			);
			path = RootView;
			sourceTree = "<group>";
		};
		120178DF2C02598800F043BF /* Reusable */ = {
			isa = PBXGroup;
			children = (
				12BDB6FE2C08A38100A2679A /* CornerRadiusViewModifier.swift */,
			);
			path = Reusable;
			sourceTree = "<group>";
		};
		120178E22C0259AD00F043BF /* Extension */ = {
			isa = PBXGroup;
			children = (
				120178E62C025F2F00F043BF /* Date+.swift */,
				120178EA2C02643E00F043BF /* Array+.swift */,
				120178E82C02610F00F043BF /* KeyPath+.swift */,
				12B24BBB2C036D2200B399DA /* UIScreen+.swift */,
				12BDB6F82C08901F00A2679A /* Color+.swift */,
				12BDB6FA2C0899A700A2679A /* Font+.swift */,
				12BDB7002C08A39900A2679A /* View+.swift */,
			);
			path = Extension;
			sourceTree = "<group>";
		};
		12BDB6EA2C088C7800A2679A /* WeekdayView */ = {
			isa = PBXGroup;
			children = (
				12BDB6F32C088D0600A2679A /* Components */,
			);
			path = WeekdayView;
			sourceTree = "<group>";
		};
		12BDB6F32C088D0600A2679A /* Components */ = {
			isa = PBXGroup;
			children = (
				12BDB6F42C088D1C00A2679A /* WeekdayHourView.swift */,
				12BDB6F62C088D2F00A2679A /* WeekdayQuarterOfHourView.swift */,
			);
			path = Components;
			sourceTree = "<group>";
		};
/* End PBXGroup section */

/* Begin PBXNativeTarget section */
		120178A22C02459D00F043BF /* TheWeek */ = {
			isa = PBXNativeTarget;
			buildConfigurationList = 120178C92C02459F00F043BF /* Build configuration list for PBXNativeTarget "TheWeek" */;
			buildPhases = (
				1201789F2C02459D00F043BF /* Sources */,
				120178A02C02459D00F043BF /* Frameworks */,
				120178A12C02459D00F043BF /* Resources */,
			);
			buildRules = (
			);
			dependencies = (
			);
			name = TheWeek;
			productName = TheWeek;
			productReference = 120178A32C02459D00F043BF /* TheWeek.app */;
			productType = "com.apple.product-type.application";
		};
		120178B42C02459F00F043BF /* TheWeekTests */ = {
			isa = PBXNativeTarget;
			buildConfigurationList = 120178CC2C02459F00F043BF /* Build configuration list for PBXNativeTarget "TheWeekTests" */;
			buildPhases = (
				120178B12C02459F00F043BF /* Sources */,
				120178B22C02459F00F043BF /* Frameworks */,
				120178B32C02459F00F043BF /* Resources */,
			);
			buildRules = (
			);
			dependencies = (
				120178B72C02459F00F043BF /* PBXTargetDependency */,
			);
			name = TheWeekTests;
			productName = TheWeekTests;
			productReference = 120178B52C02459F00F043BF /* TheWeekTests.xctest */;
			productType = "com.apple.product-type.bundle.unit-test";
		};
		120178BE2C02459F00F043BF /* TheWeekUITests */ = {
			isa = PBXNativeTarget;
			buildConfigurationList = 120178CF2C02459F00F043BF /* Build configuration list for PBXNativeTarget "TheWeekUITests" */;
			buildPhases = (
				120178BB2C02459F00F043BF /* Sources */,
				120178BC2C02459F00F043BF /* Frameworks */,
				120178BD2C02459F00F043BF /* Resources */,
			);
			buildRules = (
			);
			dependencies = (
				120178C12C02459F00F043BF /* PBXTargetDependency */,
			);
			name = TheWeekUITests;
			productName = TheWeekUITests;
			productReference = 120178BF2C02459F00F043BF /* TheWeekUITests.xctest */;
			productType = "com.apple.product-type.bundle.ui-testing";
		};
/* End PBXNativeTarget section */

/* Begin PBXProject section */
		1201789B2C02459D00F043BF /* Project object */ = {
			isa = PBXProject;
			attributes = {
				BuildIndependentTargetsInParallel = 1;
				LastSwiftUpdateCheck = 1540;
				LastUpgradeCheck = 1540;
				TargetAttributes = {
					120178A22C02459D00F043BF = {
						CreatedOnToolsVersion = 15.4;
					};
					120178B42C02459F00F043BF = {
						CreatedOnToolsVersion = 15.4;
						TestTargetID = 120178A22C02459D00F043BF;
					};
					120178BE2C02459F00F043BF = {
						CreatedOnToolsVersion = 15.4;
						TestTargetID = 120178A22C02459D00F043BF;
					};
				};
			};
			buildConfigurationList = 1201789E2C02459D00F043BF /* Build configuration list for PBXProject "TheWeek" */;
			compatibilityVersion = "Xcode 14.0";
			developmentRegion = en;
			hasScannedForEncodings = 0;
			knownRegions = (
				en,
				Base,
			);
			mainGroup = 1201789A2C02459D00F043BF;
			productRefGroup = 120178A42C02459D00F043BF /* Products */;
			projectDirPath = "";
			projectRoot = "";
			targets = (
				120178A22C02459D00F043BF /* TheWeek */,
				120178B42C02459F00F043BF /* TheWeekTests */,
				120178BE2C02459F00F043BF /* TheWeekUITests */,
			);
		};
/* End PBXProject section */

/* Begin PBXResourcesBuildPhase section */
		120178A12C02459D00F043BF /* Resources */ = {
			isa = PBXResourcesBuildPhase;
			buildActionMask = 2147483647;
			files = (
				120178B02C02459E00F043BF /* Preview Assets.xcassets in Resources */,
				120178AD2C02459E00F043BF /* Assets.xcassets in Resources */,
			);
			runOnlyForDeploymentPostprocessing = 0;
		};
		120178B32C02459F00F043BF /* Resources */ = {
			isa = PBXResourcesBuildPhase;
			buildActionMask = 2147483647;
			files = (
			);
			runOnlyForDeploymentPostprocessing = 0;
		};
		120178BD2C02459F00F043BF /* Resources */ = {
			isa = PBXResourcesBuildPhase;
			buildActionMask = 2147483647;
			files = (
			);
			runOnlyForDeploymentPostprocessing = 0;
		};
/* End PBXResourcesBuildPhase section */

/* Begin PBXSourcesBuildPhase section */
		1201789F2C02459D00F043BF /* Sources */ = {
			isa = PBXSourcesBuildPhase;
			buildActionMask = 2147483647;
			files = (
				12BDB6FD2C089E5900A2679A /* WeekHourView+Preview.swift in Sources */,
				12BDB6FB2C0899A700A2679A /* Font+.swift in Sources */,
				120178E72C025F2F00F043BF /* Date+.swift in Sources */,
				12BDB6F92C08901F00A2679A /* Color+.swift in Sources */,
				120178DA2C0257BC00F043BF /* RootCoordinatorView.swift in Sources */,
				120178E92C02610F00F043BF /* KeyPath+.swift in Sources */,
				12BDB6F72C088D2F00A2679A /* WeekdayQuarterOfHourView.swift in Sources */,
				12BDB7012C08A39900A2679A /* View+.swift in Sources */,
				120178DC2C0257D300F043BF /* RootViewModel.swift in Sources */,
				120178EB2C02643E00F043BF /* Array+.swift in Sources */,
				12B24BBC2C036D2200B399DA /* UIScreen+.swift in Sources */,
				12BDB6FF2C08A38100A2679A /* CornerRadiusViewModifier.swift in Sources */,
				12BDB6F52C088D1C00A2679A /* WeekdayHourView.swift in Sources */,
				120178D72C02574F00F043BF /* RootCoordinator.swift in Sources */,
				120178A72C02459D00F043BF /* TheWeekApp.swift in Sources */,
				120178DE2C02590500F043BF /* RootView.swift in Sources */,
			);
			runOnlyForDeploymentPostprocessing = 0;
		};
		120178B12C02459F00F043BF /* Sources */ = {
			isa = PBXSourcesBuildPhase;
			buildActionMask = 2147483647;
			files = (
				120178BA2C02459F00F043BF /* TheWeekTests.swift in Sources */,
			);
			runOnlyForDeploymentPostprocessing = 0;
		};
		120178BB2C02459F00F043BF /* Sources */ = {
			isa = PBXSourcesBuildPhase;
			buildActionMask = 2147483647;
			files = (
				120178C62C02459F00F043BF /* TheWeekUITestsLaunchTests.swift in Sources */,
				120178C42C02459F00F043BF /* TheWeekUITests.swift in Sources */,
			);
			runOnlyForDeploymentPostprocessing = 0;
		};
/* End PBXSourcesBuildPhase section */

/* Begin PBXTargetDependency section */
		120178B72C02459F00F043BF /* PBXTargetDependency */ = {
			isa = PBXTargetDependency;
			target = 120178A22C02459D00F043BF /* TheWeek */;
			targetProxy = 120178B62C02459F00F043BF /* PBXContainerItemProxy */;
		};
		120178C12C02459F00F043BF /* PBXTargetDependency */ = {
			isa = PBXTargetDependency;
			target = 120178A22C02459D00F043BF /* TheWeek */;
			targetProxy = 120178C02C02459F00F043BF /* PBXContainerItemProxy */;
		};
/* End PBXTargetDependency section */

/* Begin XCBuildConfiguration section */
		120178C72C02459F00F043BF /* Debug */ = {
			isa = XCBuildConfiguration;
			buildSettings = {
				ALWAYS_SEARCH_USER_PATHS = NO;
				ASSETCATALOG_COMPILER_GENERATE_SWIFT_ASSET_SYMBOL_EXTENSIONS = YES;
				CLANG_ANALYZER_NONNULL = YES;
				CLANG_ANALYZER_NUMBER_OBJECT_CONVERSION = YES_AGGRESSIVE;
				CLANG_CXX_LANGUAGE_STANDARD = "gnu++20";
				CLANG_ENABLE_MODULES = YES;
				CLANG_ENABLE_OBJC_ARC = YES;
				CLANG_ENABLE_OBJC_WEAK = YES;
				CLANG_WARN_BLOCK_CAPTURE_AUTORELEASING = YES;
				CLANG_WARN_BOOL_CONVERSION = YES;
				CLANG_WARN_COMMA = YES;
				CLANG_WARN_CONSTANT_CONVERSION = YES;
				CLANG_WARN_DEPRECATED_OBJC_IMPLEMENTATIONS = YES;
				CLANG_WARN_DIRECT_OBJC_ISA_USAGE = YES_ERROR;
				CLANG_WARN_DOCUMENTATION_COMMENTS = YES;
				CLANG_WARN_EMPTY_BODY = YES;
				CLANG_WARN_ENUM_CONVERSION = YES;
				CLANG_WARN_INFINITE_RECURSION = YES;
				CLANG_WARN_INT_CONVERSION = YES;
				CLANG_WARN_NON_LITERAL_NULL_CONVERSION = YES;
				CLANG_WARN_OBJC_IMPLICIT_RETAIN_SELF = YES;
				CLANG_WARN_OBJC_LITERAL_CONVERSION = YES;
				CLANG_WARN_OBJC_ROOT_CLASS = YES_ERROR;
				CLANG_WARN_QUOTED_INCLUDE_IN_FRAMEWORK_HEADER = YES;
				CLANG_WARN_RANGE_LOOP_ANALYSIS = YES;
				CLANG_WARN_STRICT_PROTOTYPES = YES;
				CLANG_WARN_SUSPICIOUS_MOVE = YES;
				CLANG_WARN_UNGUARDED_AVAILABILITY = YES_AGGRESSIVE;
				CLANG_WARN_UNREACHABLE_CODE = YES;
				CLANG_WARN__DUPLICATE_METHOD_MATCH = YES;
				COPY_PHASE_STRIP = NO;
				DEBUG_INFORMATION_FORMAT = dwarf;
				ENABLE_STRICT_OBJC_MSGSEND = YES;
				ENABLE_TESTABILITY = YES;
				ENABLE_USER_SCRIPT_SANDBOXING = YES;
				GCC_C_LANGUAGE_STANDARD = gnu17;
				GCC_DYNAMIC_NO_PIC = NO;
				GCC_NO_COMMON_BLOCKS = YES;
				GCC_OPTIMIZATION_LEVEL = 0;
				GCC_PREPROCESSOR_DEFINITIONS = (
					"DEBUG=1",
					"$(inherited)",
				);
				GCC_WARN_64_TO_32_BIT_CONVERSION = YES;
				GCC_WARN_ABOUT_RETURN_TYPE = YES_ERROR;
				GCC_WARN_UNDECLARED_SELECTOR = YES;
				GCC_WARN_UNINITIALIZED_AUTOS = YES_AGGRESSIVE;
				GCC_WARN_UNUSED_FUNCTION = YES;
				GCC_WARN_UNUSED_VARIABLE = YES;
				IPHONEOS_DEPLOYMENT_TARGET = 17.5;
				LOCALIZATION_PREFERS_STRING_CATALOGS = YES;
				MTL_ENABLE_DEBUG_INFO = INCLUDE_SOURCE;
				MTL_FAST_MATH = YES;
				ONLY_ACTIVE_ARCH = YES;
				SDKROOT = iphoneos;
				SWIFT_ACTIVE_COMPILATION_CONDITIONS = "DEBUG $(inherited)";
				SWIFT_OPTIMIZATION_LEVEL = "-Onone";
			};
			name = Debug;
		};
		120178C82C02459F00F043BF /* Release */ = {
			isa = XCBuildConfiguration;
			buildSettings = {
				ALWAYS_SEARCH_USER_PATHS = NO;
				ASSETCATALOG_COMPILER_GENERATE_SWIFT_ASSET_SYMBOL_EXTENSIONS = YES;
				CLANG_ANALYZER_NONNULL = YES;
				CLANG_ANALYZER_NUMBER_OBJECT_CONVERSION = YES_AGGRESSIVE;
				CLANG_CXX_LANGUAGE_STANDARD = "gnu++20";
				CLANG_ENABLE_MODULES = YES;
				CLANG_ENABLE_OBJC_ARC = YES;
				CLANG_ENABLE_OBJC_WEAK = YES;
				CLANG_WARN_BLOCK_CAPTURE_AUTORELEASING = YES;
				CLANG_WARN_BOOL_CONVERSION = YES;
				CLANG_WARN_COMMA = YES;
				CLANG_WARN_CONSTANT_CONVERSION = YES;
				CLANG_WARN_DEPRECATED_OBJC_IMPLEMENTATIONS = YES;
				CLANG_WARN_DIRECT_OBJC_ISA_USAGE = YES_ERROR;
				CLANG_WARN_DOCUMENTATION_COMMENTS = YES;
				CLANG_WARN_EMPTY_BODY = YES;
				CLANG_WARN_ENUM_CONVERSION = YES;
				CLANG_WARN_INFINITE_RECURSION = YES;
				CLANG_WARN_INT_CONVERSION = YES;
				CLANG_WARN_NON_LITERAL_NULL_CONVERSION = YES;
				CLANG_WARN_OBJC_IMPLICIT_RETAIN_SELF = YES;
				CLANG_WARN_OBJC_LITERAL_CONVERSION = YES;
				CLANG_WARN_OBJC_ROOT_CLASS = YES_ERROR;
				CLANG_WARN_QUOTED_INCLUDE_IN_FRAMEWORK_HEADER = YES;
				CLANG_WARN_RANGE_LOOP_ANALYSIS = YES;
				CLANG_WARN_STRICT_PROTOTYPES = YES;
				CLANG_WARN_SUSPICIOUS_MOVE = YES;
				CLANG_WARN_UNGUARDED_AVAILABILITY = YES_AGGRESSIVE;
				CLANG_WARN_UNREACHABLE_CODE = YES;
				CLANG_WARN__DUPLICATE_METHOD_MATCH = YES;
				COPY_PHASE_STRIP = NO;
				DEBUG_INFORMATION_FORMAT = "dwarf-with-dsym";
				ENABLE_NS_ASSERTIONS = NO;
				ENABLE_STRICT_OBJC_MSGSEND = YES;
				ENABLE_USER_SCRIPT_SANDBOXING = YES;
				GCC_C_LANGUAGE_STANDARD = gnu17;
				GCC_NO_COMMON_BLOCKS = YES;
				GCC_WARN_64_TO_32_BIT_CONVERSION = YES;
				GCC_WARN_ABOUT_RETURN_TYPE = YES_ERROR;
				GCC_WARN_UNDECLARED_SELECTOR = YES;
				GCC_WARN_UNINITIALIZED_AUTOS = YES_AGGRESSIVE;
				GCC_WARN_UNUSED_FUNCTION = YES;
				GCC_WARN_UNUSED_VARIABLE = YES;
				IPHONEOS_DEPLOYMENT_TARGET = 17.5;
				LOCALIZATION_PREFERS_STRING_CATALOGS = YES;
				MTL_ENABLE_DEBUG_INFO = NO;
				MTL_FAST_MATH = YES;
				SDKROOT = iphoneos;
				SWIFT_COMPILATION_MODE = wholemodule;
				VALIDATE_PRODUCT = YES;
			};
			name = Release;
		};
		120178CA2C02459F00F043BF /* Debug */ = {
			isa = XCBuildConfiguration;
			buildSettings = {
				ASSETCATALOG_COMPILER_APPICON_NAME = AppIcon;
				ASSETCATALOG_COMPILER_GLOBAL_ACCENT_COLOR_NAME = AccentColor;
				CODE_SIGN_STYLE = Automatic;
				CURRENT_PROJECT_VERSION = 1;
				DEVELOPMENT_ASSET_PATHS = "\"TheWeek/Resources/Preview Content\"";
				DEVELOPMENT_TEAM = 6NW28QCL54;
				ENABLE_PREVIEWS = YES;
				GENERATE_INFOPLIST_FILE = YES;
				INFOPLIST_KEY_UIApplicationSceneManifest_Generation = YES;
				INFOPLIST_KEY_UIApplicationSupportsIndirectInputEvents = YES;
				INFOPLIST_KEY_UILaunchScreen_Generation = YES;
				INFOPLIST_KEY_UISupportedInterfaceOrientations_iPad = "UIInterfaceOrientationPortrait UIInterfaceOrientationPortraitUpsideDown UIInterfaceOrientationLandscapeLeft UIInterfaceOrientationLandscapeRight";
				INFOPLIST_KEY_UISupportedInterfaceOrientations_iPhone = "UIInterfaceOrientationPortrait UIInterfaceOrientationLandscapeLeft UIInterfaceOrientationLandscapeRight";
				LD_RUNPATH_SEARCH_PATHS = (
					"$(inherited)",
					"@executable_path/Frameworks",
				);
				MARKETING_VERSION = 1.0;
				PRODUCT_BUNDLE_IDENTIFIER = "br.com.thomas-pereira.TheWeek";
				PRODUCT_NAME = "$(TARGET_NAME)";
				SWIFT_EMIT_LOC_STRINGS = YES;
				SWIFT_VERSION = 5.0;
				TARGETED_DEVICE_FAMILY = "1,2";
			};
			name = Debug;
		};
		120178CB2C02459F00F043BF /* Release */ = {
			isa = XCBuildConfiguration;
			buildSettings = {
				ASSETCATALOG_COMPILER_APPICON_NAME = AppIcon;
				ASSETCATALOG_COMPILER_GLOBAL_ACCENT_COLOR_NAME = AccentColor;
				CODE_SIGN_STYLE = Automatic;
				CURRENT_PROJECT_VERSION = 1;
				DEVELOPMENT_ASSET_PATHS = "\"TheWeek/Resources/Preview Content\"";
				DEVELOPMENT_TEAM = 6NW28QCL54;
				ENABLE_PREVIEWS = YES;
				GENERATE_INFOPLIST_FILE = YES;
				INFOPLIST_KEY_UIApplicationSceneManifest_Generation = YES;
				INFOPLIST_KEY_UIApplicationSupportsIndirectInputEvents = YES;
				INFOPLIST_KEY_UILaunchScreen_Generation = YES;
				INFOPLIST_KEY_UISupportedInterfaceOrientations_iPad = "UIInterfaceOrientationPortrait UIInterfaceOrientationPortraitUpsideDown UIInterfaceOrientationLandscapeLeft UIInterfaceOrientationLandscapeRight";
				INFOPLIST_KEY_UISupportedInterfaceOrientations_iPhone = "UIInterfaceOrientationPortrait UIInterfaceOrientationLandscapeLeft UIInterfaceOrientationLandscapeRight";
				LD_RUNPATH_SEARCH_PATHS = (
					"$(inherited)",
					"@executable_path/Frameworks",
				);
				MARKETING_VERSION = 1.0;
				PRODUCT_BUNDLE_IDENTIFIER = "br.com.thomas-pereira.TheWeek";
				PRODUCT_NAME = "$(TARGET_NAME)";
				SWIFT_EMIT_LOC_STRINGS = YES;
				SWIFT_VERSION = 5.0;
				TARGETED_DEVICE_FAMILY = "1,2";
			};
			name = Release;
		};
		120178CD2C02459F00F043BF /* Debug */ = {
			isa = XCBuildConfiguration;
			buildSettings = {
				ALWAYS_EMBED_SWIFT_STANDARD_LIBRARIES = YES;
				BUNDLE_LOADER = "$(TEST_HOST)";
				CODE_SIGN_STYLE = Automatic;
				CURRENT_PROJECT_VERSION = 1;
				DEVELOPMENT_TEAM = 6NW28QCL54;
				GENERATE_INFOPLIST_FILE = YES;
				IPHONEOS_DEPLOYMENT_TARGET = 17.5;
				MARKETING_VERSION = 1.0;
				PRODUCT_BUNDLE_IDENTIFIER = "br.com.thomas-pereira.TheWeekTests";
				PRODUCT_NAME = "$(TARGET_NAME)";
				SWIFT_EMIT_LOC_STRINGS = NO;
				SWIFT_VERSION = 5.0;
				TARGETED_DEVICE_FAMILY = "1,2";
				TEST_HOST = "$(BUILT_PRODUCTS_DIR)/TheWeek.app/$(BUNDLE_EXECUTABLE_FOLDER_PATH)/TheWeek";
			};
			name = Debug;
		};
		120178CE2C02459F00F043BF /* Release */ = {
			isa = XCBuildConfiguration;
			buildSettings = {
				ALWAYS_EMBED_SWIFT_STANDARD_LIBRARIES = YES;
				BUNDLE_LOADER = "$(TEST_HOST)";
				CODE_SIGN_STYLE = Automatic;
				CURRENT_PROJECT_VERSION = 1;
				DEVELOPMENT_TEAM = 6NW28QCL54;
				GENERATE_INFOPLIST_FILE = YES;
				IPHONEOS_DEPLOYMENT_TARGET = 17.5;
				MARKETING_VERSION = 1.0;
				PRODUCT_BUNDLE_IDENTIFIER = "br.com.thomas-pereira.TheWeekTests";
				PRODUCT_NAME = "$(TARGET_NAME)";
				SWIFT_EMIT_LOC_STRINGS = NO;
				SWIFT_VERSION = 5.0;
				TARGETED_DEVICE_FAMILY = "1,2";
				TEST_HOST = "$(BUILT_PRODUCTS_DIR)/TheWeek.app/$(BUNDLE_EXECUTABLE_FOLDER_PATH)/TheWeek";
			};
			name = Release;
		};
		120178D02C02459F00F043BF /* Debug */ = {
			isa = XCBuildConfiguration;
			buildSettings = {
				ALWAYS_EMBED_SWIFT_STANDARD_LIBRARIES = YES;
				CODE_SIGN_STYLE = Automatic;
				CURRENT_PROJECT_VERSION = 1;
				DEVELOPMENT_TEAM = 6NW28QCL54;
				GENERATE_INFOPLIST_FILE = YES;
				MARKETING_VERSION = 1.0;
				PRODUCT_BUNDLE_IDENTIFIER = "br.com.thomas-pereira.TheWeekUITests";
				PRODUCT_NAME = "$(TARGET_NAME)";
				SWIFT_EMIT_LOC_STRINGS = NO;
				SWIFT_VERSION = 5.0;
				TARGETED_DEVICE_FAMILY = "1,2";
				TEST_TARGET_NAME = TheWeek;
			};
			name = Debug;
		};
		120178D12C02459F00F043BF /* Release */ = {
			isa = XCBuildConfiguration;
			buildSettings = {
				ALWAYS_EMBED_SWIFT_STANDARD_LIBRARIES = YES;
				CODE_SIGN_STYLE = Automatic;
				CURRENT_PROJECT_VERSION = 1;
				DEVELOPMENT_TEAM = 6NW28QCL54;
				GENERATE_INFOPLIST_FILE = YES;
				MARKETING_VERSION = 1.0;
				PRODUCT_BUNDLE_IDENTIFIER = "br.com.thomas-pereira.TheWeekUITests";
				PRODUCT_NAME = "$(TARGET_NAME)";
				SWIFT_EMIT_LOC_STRINGS = NO;
				SWIFT_VERSION = 5.0;
				TARGETED_DEVICE_FAMILY = "1,2";
				TEST_TARGET_NAME = TheWeek;
			};
			name = Release;
		};
/* End XCBuildConfiguration section */

/* Begin XCConfigurationList section */
		1201789E2C02459D00F043BF /* Build configuration list for PBXProject "TheWeek" */ = {
			isa = XCConfigurationList;
			buildConfigurations = (
				120178C72C02459F00F043BF /* Debug */,
				120178C82C02459F00F043BF /* Release */,
			);
			defaultConfigurationIsVisible = 0;
			defaultConfigurationName = Release;
		};
		120178C92C02459F00F043BF /* Build configuration list for PBXNativeTarget "TheWeek" */ = {
			isa = XCConfigurationList;
			buildConfigurations = (
				120178CA2C02459F00F043BF /* Debug */,
				120178CB2C02459F00F043BF /* Release */,
			);
			defaultConfigurationIsVisible = 0;
			defaultConfigurationName = Release;
		};
		120178CC2C02459F00F043BF /* Build configuration list for PBXNativeTarget "TheWeekTests" */ = {
			isa = XCConfigurationList;
			buildConfigurations = (
				120178CD2C02459F00F043BF /* Debug */,
				120178CE2C02459F00F043BF /* Release */,
			);
			defaultConfigurationIsVisible = 0;
			defaultConfigurationName = Release;
		};
		120178CF2C02459F00F043BF /* Build configuration list for PBXNativeTarget "TheWeekUITests" */ = {
			isa = XCConfigurationList;
			buildConfigurations = (
				120178D02C02459F00F043BF /* Debug */,
				120178D12C02459F00F043BF /* Release */,
			);
			defaultConfigurationIsVisible = 0;
			defaultConfigurationName = Release;
		};
/* End XCConfigurationList section */
	};
	rootObject = 1201789B2C02459D00F043BF /* Project object */;
}
